
Microsoft Visual Studio Solution File, Format Version 12.00
# Visual Studio Version 16
VisualStudioVersion = 16.0.31410.357
MinimumVisualStudioVersion = 10.0.40219.1
Project("{FAE04EC0-301F-11D3-BF4B-00C04F79EFBC}") = "MiMFa.inDocuments", "MiMFa inDocuments\MiMFa.inDocuments.csproj", "{AFC30699-A797-40C6-B6AB-C3AFCF29B0A2}"
EndProject
Project("{FAE04EC0-301F-11D3-BF4B-00C04F79EFBC}") = "MiMFa", "..\..\..\Technology\MiMFa Framework\MiMFa Framework\Core\MiMFa.csproj", "{ADC72CD2-885E-442A-983E-0BA87B7234EF}"
EndProject
Project("{FAE04EC0-301F-11D3-BF4B-00C04F79EFBC}") = "MiMFa.Exclusive", "..\..\..\Technology\MiMFa Framework\MiMFa Framework\Exclusive\MiMFa.Exclusive.csproj", "{7D8B3A64-3768-4150-B2C1-5A9B405B8C80}"
EndProject
Project("{FAE04EC0-301F-11D3-BF4B-00C04F79EFBC}") = "MiMFa.Technology", "..\..\..\Technology\MiMFa Framework\MiMFa Framework\Technology\MiMFa.Technology.csproj", "{F3DF1E73-2074-4D92-9ED7-B026C14EB207}"
EndProject
Global
	GlobalSection(SolutionConfigurationPlatforms) = preSolution
		Debug|Any CPU = Debug|Any CPU
		Release|Any CPU = Release|Any CPU
	EndGlobalSection
	GlobalSection(ProjectConfigurationPlatforms) = postSolution
		{AFC30699-A797-40C6-B6AB-C3AFCF29B0A2}.Debug|Any CPU.ActiveCfg = Debug|Any CPU
		{AFC30699-A797-40C6-B6AB-C3AFCF29B0A2}.Debug|Any CPU.Build.0 = Debug|Any CPU
		{AFC30699-A797-40C6-B6AB-C3AFCF29B0A2}.Release|Any CPU.ActiveCfg = Release|Any CPU
		{AFC30699-A797-40C6-B6AB-C3AFCF29B0A2}.Release|Any CPU.Build.0 = Release|Any CPU
		{ADC72CD2-885E-442A-983E-0BA87B7234EF}.Debug|Any CPU.ActiveCfg = Debug|Any CPU
		{ADC72CD2-885E-442A-983E-0BA87B7234EF}.Debug|Any CPU.Build.0 = Debug|Any CPU
		{ADC72CD2-885E-442A-983E-0BA87B7234EF}.Release|Any CPU.ActiveCfg = Release|Any CPU
		{ADC72CD2-885E-442A-983E-0BA87B7234EF}.Release|Any CPU.Build.0 = Release|Any CPU
		{7D8B3A64-3768-4150-B2C1-5A9B405B8C80}.Debug|Any CPU.ActiveCfg = Debug|Any CPU
		{7D8B3A64-3768-4150-B2C1-5A9B405B8C80}.Debug|Any CPU.Build.0 = Debug|Any CPU
		{7D8B3A64-3768-4150-B2C1-5A9B405B8C80}.Release|Any CPU.ActiveCfg = Release|Any CPU
		{7D8B3A64-3768-4150-B2C1-5A9B405B8C80}.Release|Any CPU.Build.0 = Release|Any CPU
		{F3DF1E73-2074-4D92-9ED7-B026C14EB207}.Debug|Any CPU.ActiveCfg = Debug|Any CPU
		{F3DF1E73-2074-4D92-9ED7-B026C14EB207}.Debug|Any CPU.Build.0 = Debug|Any CPU
		{F3DF1E73-2074-4D92-9ED7-B026C14EB207}.Release|Any CPU.ActiveCfg = Release|Any CPU
		{F3DF1E73-2074-4D92-9ED7-B026C14EB207}.Release|Any CPU.Build.0 = Release|Any CPU
	EndGlobalSection
	GlobalSection(SolutionProperties) = preSolution
		HideSolutionNode = FALSE
	EndGlobalSection
	GlobalSection(ExtensibilityGlobals) = postSolution
		SolutionGuid = {F198BBCF-91AB-4719-9B93-DCD0919760B2}
	EndGlobalSection
EndGlobal
